// !$*UTF8*$!
{
	archiveVersion = 1;
	classes = {
	};
	objectVersion = 46;
	objects = {

/* Begin PBXBuildFile section */
		5A2755241DB5F0BE00213D60 /* PVRDuration.swift in Sources */ = {isa = PBXBuildFile; fileRef = 5A2755231DB5F0BE00213D60 /* PVRDuration.swift */; };
		5A4083D01DAB68FC0057E896 /* PVRScheduler.swift in Sources */ = {isa = PBXBuildFile; fileRef = 5A4083CF1DAB68FC0057E896 /* PVRScheduler.swift */; };
		5A50C72D1D8CD2E50002ACF8 /* AppDelegate.swift in Sources */ = {isa = PBXBuildFile; fileRef = 5A50C72C1D8CD2E50002ACF8 /* AppDelegate.swift */; };
		5A50C7341D8CD2E50002ACF8 /* Assets.xcassets in Resources */ = {isa = PBXBuildFile; fileRef = 5A50C7331D8CD2E50002ACF8 /* Assets.xcassets */; };
		5A50C7371D8CD2E50002ACF8 /* LaunchScreen.storyboard in Resources */ = {isa = PBXBuildFile; fileRef = 5A50C7351D8CD2E50002ACF8 /* LaunchScreen.storyboard */; };
		5A50C73F1D8CD4330002ACF8 /* Foundation.framework in Frameworks */ = {isa = PBXBuildFile; fileRef = 5A50C73E1D8CD4330002ACF8 /* Foundation.framework */; };
		5A50C7411D8CD4390002ACF8 /* UIKit.framework in Frameworks */ = {isa = PBXBuildFile; fileRef = 5A50C7401D8CD4390002ACF8 /* UIKit.framework */; };
		5A50C7431D8CD4750002ACF8 /* Main.storyboard in Resources */ = {isa = PBXBuildFile; fileRef = 5A50C7421D8CD4750002ACF8 /* Main.storyboard */; };
		5A87A27B1DBCE40900A206B9 /* PVRDataView.swift in Sources */ = {isa = PBXBuildFile; fileRef = 5A87A27A1DBCE40900A206B9 /* PVRDataView.swift */; };
		5AA4406E1DAF488F005B0E70 /* PVRTask.swift in Sources */ = {isa = PBXBuildFile; fileRef = 5AA4406D1DAF488F005B0E70 /* PVRTask.swift */; };
		5AA440701DAF81B3005B0E70 /* PVRDatabase.swift in Sources */ = {isa = PBXBuildFile; fileRef = 5AA4406F1DAF81B3005B0E70 /* PVRDatabase.swift */; };
		5AB7343B1DC499A500CCCC98 /* PVRSetting.swift in Sources */ = {isa = PBXBuildFile; fileRef = 5AB7343A1DC499A500CCCC98 /* PVRSetting.swift */; };
		5AD59AA01DB4DD130076FF0B /* PVRDataController.swift in Sources */ = {isa = PBXBuildFile; fileRef = 5AD59A9F1DB4DD130076FF0B /* PVRDataController.swift */; };
/* End PBXBuildFile section */

/* Begin PBXFileReference section */
		5A2755231DB5F0BE00213D60 /* PVRDuration.swift */ = {isa = PBXFileReference; fileEncoding = 4; lastKnownFileType = sourcecode.swift; path = PVRDuration.swift; sourceTree = "<group>"; };
		5A4083CF1DAB68FC0057E896 /* PVRScheduler.swift */ = {isa = PBXFileReference; fileEncoding = 4; lastKnownFileType = sourcecode.swift; path = PVRScheduler.swift; sourceTree = "<group>"; };
		5A50C7291D8CD2E50002ACF8 /* Prevoir.app */ = {isa = PBXFileReference; explicitFileType = wrapper.application; includeInIndex = 0; path = Prevoir.app; sourceTree = BUILT_PRODUCTS_DIR; };
		5A50C72C1D8CD2E50002ACF8 /* AppDelegate.swift */ = {isa = PBXFileReference; lastKnownFileType = sourcecode.swift; path = AppDelegate.swift; sourceTree = "<group>"; };
		5A50C7331D8CD2E50002ACF8 /* Assets.xcassets */ = {isa = PBXFileReference; lastKnownFileType = folder.assetcatalog; path = Assets.xcassets; sourceTree = "<group>"; };
		5A50C7361D8CD2E50002ACF8 /* Base */ = {isa = PBXFileReference; lastKnownFileType = file.storyboard; name = Base; path = Base.lproj/LaunchScreen.storyboard; sourceTree = "<group>"; };
		5A50C7381D8CD2E50002ACF8 /* Info.plist */ = {isa = PBXFileReference; lastKnownFileType = text.plist.xml; path = Info.plist; sourceTree = "<group>"; };
		5A50C73E1D8CD4330002ACF8 /* Foundation.framework */ = {isa = PBXFileReference; lastKnownFileType = wrapper.framework; name = Foundation.framework; path = System/Library/Frameworks/Foundation.framework; sourceTree = SDKROOT; };
		5A50C7401D8CD4390002ACF8 /* UIKit.framework */ = {isa = PBXFileReference; lastKnownFileType = wrapper.framework; name = UIKit.framework; path = System/Library/Frameworks/UIKit.framework; sourceTree = SDKROOT; };
		5A50C7421D8CD4750002ACF8 /* Main.storyboard */ = {isa = PBXFileReference; fileEncoding = 4; lastKnownFileType = file.storyboard; path = Main.storyboard; sourceTree = "<group>"; };
		5A87A27A1DBCE40900A206B9 /* PVRDataView.swift */ = {isa = PBXFileReference; fileEncoding = 4; lastKnownFileType = sourcecode.swift; path = PVRDataView.swift; sourceTree = "<group>"; };
		5AA4406D1DAF488F005B0E70 /* PVRTask.swift */ = {isa = PBXFileReference; fileEncoding = 4; lastKnownFileType = sourcecode.swift; path = PVRTask.swift; sourceTree = "<group>"; };
		5AA4406F1DAF81B3005B0E70 /* PVRDatabase.swift */ = {isa = PBXFileReference; fileEncoding = 4; indentWidth = 4; lastKnownFileType = sourcecode.swift; lineEnding = 0; path = PVRDatabase.swift; sourceTree = "<group>"; tabWidth = 4; usesTabs = 0; wrapsLines = 1; };
		5AB7343A1DC499A500CCCC98 /* PVRSetting.swift */ = {isa = PBXFileReference; fileEncoding = 4; lastKnownFileType = sourcecode.swift; path = PVRSetting.swift; sourceTree = "<group>"; };
		5AD59A9F1DB4DD130076FF0B /* PVRDataController.swift */ = {isa = PBXFileReference; fileEncoding = 4; lastKnownFileType = sourcecode.swift; path = PVRDataController.swift; sourceTree = "<group>"; };
/* End PBXFileReference section */

/* Begin PBXFrameworksBuildPhase section */
		5A50C7261D8CD2E50002ACF8 /* Frameworks */ = {
			isa = PBXFrameworksBuildPhase;
			buildActionMask = 2147483647;
			files = (
				5A50C7411D8CD4390002ACF8 /* UIKit.framework in Frameworks */,
				5A50C73F1D8CD4330002ACF8 /* Foundation.framework in Frameworks */,
			);
			runOnlyForDeploymentPostprocessing = 0;
		};
/* End PBXFrameworksBuildPhase section */

/* Begin PBXGroup section */
		5A4083CE1DAB68AF0057E896 /* Logic */ = {
			isa = PBXGroup;
			children = (
				5A50C72C1D8CD2E50002ACF8 /* AppDelegate.swift */,
				5A4083CF1DAB68FC0057E896 /* PVRScheduler.swift */,
			);
			name = Logic;
			sourceTree = "<group>";
		};
		5A50C7201D8CD2E50002ACF8 = {
			isa = PBXGroup;
			children = (
				5A50C7401D8CD4390002ACF8 /* UIKit.framework */,
				5A50C73E1D8CD4330002ACF8 /* Foundation.framework */,
				5A50C72B1D8CD2E50002ACF8 /* Prevoir */,
				5A50C72A1D8CD2E50002ACF8 /* Products */,
			);
			sourceTree = "<group>";
		};
		5A50C72A1D8CD2E50002ACF8 /* Products */ = {
			isa = PBXGroup;
			children = (
				5A50C7291D8CD2E50002ACF8 /* Prevoir.app */,
			);
			name = Products;
			sourceTree = "<group>";
		};
		5A50C72B1D8CD2E50002ACF8 /* Prevoir */ = {
			isa = PBXGroup;
			children = (
				5A4083CE1DAB68AF0057E896 /* Logic */,
				5A50C7451D8CD5070002ACF8 /* UI */,
				5AA4406C1DAF4873005B0E70 /* Data */,
				5A50C7441D8CD4F40002ACF8 /* Resources */,
			);
			path = Prevoir;
			sourceTree = "<group>";
		};
		5A50C7441D8CD4F40002ACF8 /* Resources */ = {
			isa = PBXGroup;
			children = (
				5A50C7331D8CD2E50002ACF8 /* Assets.xcassets */,
				5A50C7381D8CD2E50002ACF8 /* Info.plist */,
			);
			name = Resources;
			sourceTree = "<group>";
		};
		5A50C7451D8CD5070002ACF8 /* UI */ = {
			isa = PBXGroup;
			children = (
				5A50C7421D8CD4750002ACF8 /* Main.storyboard */,
				5A50C7351D8CD2E50002ACF8 /* LaunchScreen.storyboard */,
			);
			name = UI;
			sourceTree = "<group>";
		};
		5AA4406C1DAF4873005B0E70 /* Data */ = {
			isa = PBXGroup;
			children = (
				5AB7343A1DC499A500CCCC98 /* PVRSetting.swift */,
				5AA4406F1DAF81B3005B0E70 /* PVRDatabase.swift */,
				5AD59A9F1DB4DD130076FF0B /* PVRDataController.swift */,
				5A87A27A1DBCE40900A206B9 /* PVRDataView.swift */,
				5AA4406D1DAF488F005B0E70 /* PVRTask.swift */,
				5A2755231DB5F0BE00213D60 /* PVRDuration.swift */,
			);
			name = Data;
			sourceTree = "<group>";
		};
/* End PBXGroup section */

/* Begin PBXNativeTarget section */
		5A50C7281D8CD2E50002ACF8 /* Prevoir */ = {
			isa = PBXNativeTarget;
			buildConfigurationList = 5A50C73B1D8CD2E50002ACF8 /* Build configuration list for PBXNativeTarget "Prevoir" */;
			buildPhases = (
				5A50C7251D8CD2E50002ACF8 /* Sources */,
				5A50C7261D8CD2E50002ACF8 /* Frameworks */,
				5A50C7271D8CD2E50002ACF8 /* Resources */,
			);
			buildRules = (
			);
			dependencies = (
			);
			name = Prevoir;
			productName = Prevoir;
			productReference = 5A50C7291D8CD2E50002ACF8 /* Prevoir.app */;
			productType = "com.apple.product-type.application";
		};
/* End PBXNativeTarget section */

/* Begin PBXProject section */
		5A50C7211D8CD2E50002ACF8 /* Project object */ = {
			isa = PBXProject;
			attributes = {
				LastSwiftUpdateCheck = 0730;
				LastUpgradeCheck = 0800;
				ORGANIZATIONNAME = SSTInc;
				TargetAttributes = {
					5A50C7281D8CD2E50002ACF8 = {
						CreatedOnToolsVersion = 7.3.1;
						DevelopmentTeam = 7K6ZTDFM48;
						LastSwiftMigration = 0800;
					};
				};
			};
			buildConfigurationList = 5A50C7241D8CD2E50002ACF8 /* Build configuration list for PBXProject "Prevoir" */;
			compatibilityVersion = "Xcode 3.2";
			developmentRegion = English;
			hasScannedForEncodings = 0;
			knownRegions = (
				en,
				Base,
			);
			mainGroup = 5A50C7201D8CD2E50002ACF8;
			productRefGroup = 5A50C72A1D8CD2E50002ACF8 /* Products */;
			projectDirPath = "";
			projectRoot = "";
			targets = (
				5A50C7281D8CD2E50002ACF8 /* Prevoir */,
			);
		};
/* End PBXProject section */

/* Begin PBXResourcesBuildPhase section */
		5A50C7271D8CD2E50002ACF8 /* Resources */ = {
			isa = PBXResourcesBuildPhase;
			buildActionMask = 2147483647;
			files = (
				5A50C7431D8CD4750002ACF8 /* Main.storyboard in Resources */,
				5A50C7371D8CD2E50002ACF8 /* LaunchScreen.storyboard in Resources */,
				5A50C7341D8CD2E50002ACF8 /* Assets.xcassets in Resources */,
			);
			runOnlyForDeploymentPostprocessing = 0;
		};
/* End PBXResourcesBuildPhase section */

/* Begin PBXSourcesBuildPhase section */
		5A50C7251D8CD2E50002ACF8 /* Sources */ = {
			isa = PBXSourcesBuildPhase;
			buildActionMask = 2147483647;
			files = (
				5AA4406E1DAF488F005B0E70 /* PVRTask.swift in Sources */,
				5AB7343B1DC499A500CCCC98 /* PVRSetting.swift in Sources */,
				5AA440701DAF81B3005B0E70 /* PVRDatabase.swift in Sources */,
				5AD59AA01DB4DD130076FF0B /* PVRDataController.swift in Sources */,
				5A4083D01DAB68FC0057E896 /* PVRScheduler.swift in Sources */,
				5A2755241DB5F0BE00213D60 /* PVRDuration.swift in Sources */,
				5A50C72D1D8CD2E50002ACF8 /* AppDelegate.swift in Sources */,
				5A87A27B1DBCE40900A206B9 /* PVRDataView.swift in Sources */,
			);
			runOnlyForDeploymentPostprocessing = 0;
		};
/* End PBXSourcesBuildPhase section */

/* Begin PBXVariantGroup section */
		5A50C7351D8CD2E50002ACF8 /* LaunchScreen.storyboard */ = {
			isa = PBXVariantGroup;
			children = (
				5A50C7361D8CD2E50002ACF8 /* Base */,
			);
			name = LaunchScreen.storyboard;
			sourceTree = "<group>";
		};
/* End PBXVariantGroup section */

/* Begin XCBuildConfiguration section */
		5A50C7391D8CD2E50002ACF8 /* Debug */ = {
			isa = XCBuildConfiguration;
			buildSettings = {
				ALWAYS_SEARCH_USER_PATHS = NO;
				CLANG_ANALYZER_NONNULL = YES;
				CLANG_CXX_LANGUAGE_STANDARD = "gnu++0x";
				CLANG_CXX_LIBRARY = "libc++";
				CLANG_ENABLE_MODULES = YES;
				CLANG_ENABLE_OBJC_ARC = YES;
				CLANG_WARN_BOOL_CONVERSION = YES;
				CLANG_WARN_CONSTANT_CONVERSION = YES;
				CLANG_WARN_DIRECT_OBJC_ISA_USAGE = YES_ERROR;
				CLANG_WARN_EMPTY_BODY = YES;
				CLANG_WARN_ENUM_CONVERSION = YES;
				CLANG_WARN_INFINITE_RECURSION = YES;
				CLANG_WARN_INT_CONVERSION = YES;
				CLANG_WARN_OBJC_ROOT_CLASS = YES_ERROR;
				CLANG_WARN_SUSPICIOUS_MOVE = YES;
				CLANG_WARN_UNREACHABLE_CODE = YES;
				CLANG_WARN__DUPLICATE_METHOD_MATCH = YES;
				"CODE_SIGN_IDENTITY[sdk=iphoneos*]" = "iPhone Developer";
				COPY_PHASE_STRIP = NO;
				DEBUG_INFORMATION_FORMAT = dwarf;
				ENABLE_STRICT_OBJC_MSGSEND = YES;
				ENABLE_TESTABILITY = YES;
				GCC_C_LANGUAGE_STANDARD = gnu99;
				GCC_DYNAMIC_NO_PIC = NO;
				GCC_NO_COMMON_BLOCKS = YES;
				GCC_OPTIMIZATION_LEVEL = 0;
				GCC_PREPROCESSOR_DEFINITIONS = (
					"DEBUG=1",
					"$(inherited)",
				);
				GCC_WARN_64_TO_32_BIT_CONVERSION = YES;
				GCC_WARN_ABOUT_RETURN_TYPE = YES_ERROR;
				GCC_WARN_UNDECLARED_SELECTOR = YES;
				GCC_WARN_UNINITIALIZED_AUTOS = YES_AGGRESSIVE;
				GCC_WARN_UNUSED_FUNCTION = YES;
				GCC_WARN_UNUSED_VARIABLE = YES;
				IPHONEOS_DEPLOYMENT_TARGET = 9.3;
				MTL_ENABLE_DEBUG_INFO = YES;
				ONLY_ACTIVE_ARCH = YES;
				SDKROOT = iphoneos;
				SWIFT_OPTIMIZATION_LEVEL = "-Onone";
			};
			name = Debug;
		};
		5A50C73A1D8CD2E50002ACF8 /* Release */ = {
			isa = XCBuildConfiguration;
			buildSettings = {
				ALWAYS_SEARCH_USER_PATHS = NO;
				CLANG_ANALYZER_NONNULL = YES;
				CLANG_CXX_LANGUAGE_STANDARD = "gnu++0x";
				CLANG_CXX_LIBRARY = "libc++";
				CLANG_ENABLE_MODULES = YES;
				CLANG_ENABLE_OBJC_ARC = YES;
				CLANG_WARN_BOOL_CONVERSION = YES;
				CLANG_WARN_CONSTANT_CONVERSION = YES;
				CLANG_WARN_DIRECT_OBJC_ISA_USAGE = YES_ERROR;
				CLANG_WARN_EMPTY_BODY = YES;
				CLANG_WARN_ENUM_CONVERSION = YES;
				CLANG_WARN_INFINITE_RECURSION = YES;
				CLANG_WARN_INT_CONVERSION = YES;
				CLANG_WARN_OBJC_ROOT_CLASS = YES_ERROR;
				CLANG_WARN_SUSPICIOUS_MOVE = YES;
				CLANG_WARN_UNREACHABLE_CODE = YES;
				CLANG_WARN__DUPLICATE_METHOD_MATCH = YES;
				"CODE_SIGN_IDENTITY[sdk=iphoneos*]" = "iPhone Developer";
				COPY_PHASE_STRIP = NO;
				DEBUG_INFORMATION_FORMAT = "dwarf-with-dsym";
				ENABLE_NS_ASSERTIONS = NO;
				ENABLE_STRICT_OBJC_MSGSEND = YES;
				GCC_C_LANGUAGE_STANDARD = gnu99;
				GCC_NO_COMMON_BLOCKS = YES;
				GCC_WARN_64_TO_32_BIT_CONVERSION = YES;
				GCC_WARN_ABOUT_RETURN_TYPE = YES_ERROR;
				GCC_WARN_UNDECLARED_SELECTOR = YES;
				GCC_WARN_UNINITIALIZED_AUTOS = YES_AGGRESSIVE;
				GCC_WARN_UNUSED_FUNCTION = YES;
				GCC_WARN_UNUSED_VARIABLE = YES;
				IPHONEOS_DEPLOYMENT_TARGET = 9.3;
				MTL_ENABLE_DEBUG_INFO = NO;
				SDKROOT = iphoneos;
				SWIFT_OPTIMIZATION_LEVEL = "-Owholemodule";
				VALIDATE_PRODUCT = YES;
			};
			name = Release;
		};
		5A50C73C1D8CD2E50002ACF8 /* Debug */ = {
			isa = XCBuildConfiguration;
			buildSettings = {
				ASSETCATALOG_COMPILER_APPICON_NAME = AppIcon;
				CODE_SIGN_IDENTITY = "iPhone Developer";
				INFOPLIST_FILE = Prevoir/Info.plist;
				IPHONEOS_DEPLOYMENT_TARGET = 10.0;
				LD_RUNPATH_SEARCH_PATHS = "$(inherited) @executable_path/Frameworks";
				PRODUCT_BUNDLE_IDENTIFIER = sstinc.;
				PRODUCT_NAME = "$(TARGET_NAME)";
				SWIFT_VERSION = 3.0;
				TARGETED_DEVICE_FAMILY = 1;
			};
			name = Debug;
		};
		5A50C73D1D8CD2E50002ACF8 /* Release */ = {
			isa = XCBuildConfiguration;
			buildSettings = {
				ASSETCATALOG_COMPILER_APPICON_NAME = AppIcon;
				CODE_SIGN_IDENTITY = "iPhone Developer";
				INFOPLIST_FILE = Prevoir/Info.plist;
				IPHONEOS_DEPLOYMENT_TARGET = 10.0;
				LD_RUNPATH_SEARCH_PATHS = "$(inherited) @executable_path/Frameworks";
				PRODUCT_BUNDLE_IDENTIFIER = sstinc.;
				PRODUCT_NAME = "$(TARGET_NAME)";
				SWIFT_VERSION = 3.0;
				TARGETED_DEVICE_FAMILY = 1;
			};
			name = Release;
		};
/* End XCBuildConfiguration section */

/* Begin XCConfigurationList section */
		5A50C7241D8CD2E50002ACF8 /* Build configuration list for PBXProject "Prevoir" */ = {
			isa = XCConfigurationList;
			buildConfigurations = (
				5A50C7391D8CD2E50002ACF8 /* Debug */,
				5A50C73A1D8CD2E50002ACF8 /* Release */,
			);
			defaultConfigurationIsVisible = 0;
			defaultConfigurationName = Release;
		};
		5A50C73B1D8CD2E50002ACF8 /* Build configuration list for PBXNativeTarget "Prevoir" */ = {
			isa = XCConfigurationList;
			buildConfigurations = (
				5A50C73C1D8CD2E50002ACF8 /* Debug */,
				5A50C73D1D8CD2E50002ACF8 /* Release */,
			);
			defaultConfigurationIsVisible = 0;
			defaultConfigurationName = Release;
		};
/* End XCConfigurationList section */
	};
	rootObject = 5A50C7211D8CD2E50002ACF8 /* Project object */;
}
